// !$*UTF8*$!
{
	archiveVersion = 1;
	classes = {
	};
	objectVersion = 55;
	objects = {

/* Begin PBXBuildFile section */
		1F3942092827610500C444C1 /* AppDelegate.swift in Sources */ = {isa = PBXBuildFile; fileRef = 1F3942082827610500C444C1 /* AppDelegate.swift */; };
		1F39420B2827610500C444C1 /* SceneDelegate.swift in Sources */ = {isa = PBXBuildFile; fileRef = 1F39420A2827610500C444C1 /* SceneDelegate.swift */; };
		1F39420D2827610500C444C1 /* ViewController.swift in Sources */ = {isa = PBXBuildFile; fileRef = 1F39420C2827610500C444C1 /* ViewController.swift */; };
		1F3942102827610500C444C1 /* Main.storyboard in Resources */ = {isa = PBXBuildFile; fileRef = 1F39420E2827610500C444C1 /* Main.storyboard */; };
		1F3942122827610600C444C1 /* Assets.xcassets in Resources */ = {isa = PBXBuildFile; fileRef = 1F3942112827610600C444C1 /* Assets.xcassets */; };
		1F3942152827610600C444C1 /* LaunchScreen.storyboard in Resources */ = {isa = PBXBuildFile; fileRef = 1F3942132827610600C444C1 /* LaunchScreen.storyboard */; };
		1F3942202827610700C444C1 /* RoseOnlineShopTests.swift in Sources */ = {isa = PBXBuildFile; fileRef = 1F39421F2827610700C444C1 /* RoseOnlineShopTests.swift */; };
		1F39422A2827610700C444C1 /* RoseOnlineShopUITests.swift in Sources */ = {isa = PBXBuildFile; fileRef = 1F3942292827610700C444C1 /* RoseOnlineShopUITests.swift */; };
		1F39422C2827610700C444C1 /* RoseOnlineShopUITestsLaunchTests.swift in Sources */ = {isa = PBXBuildFile; fileRef = 1F39422B2827610700C444C1 /* RoseOnlineShopUITestsLaunchTests.swift */; };
		1F3942392827653600C444C1 /* LoginViewController.swift in Sources */ = {isa = PBXBuildFile; fileRef = 1F3942382827653600C444C1 /* LoginViewController.swift */; };
		1F39423C2827657300C444C1 /* AuthManager.swift in Sources */ = {isa = PBXBuildFile; fileRef = 1F39423B2827657300C444C1 /* AuthManager.swift */; };
		1F39423F2827664500C444C1 /* FirebaseAnalytics in Frameworks */ = {isa = PBXBuildFile; productRef = 1F39423E2827664500C444C1 /* FirebaseAnalytics */; };
		1F3942412827664500C444C1 /* FirebaseAuth in Frameworks */ = {isa = PBXBuildFile; productRef = 1F3942402827664500C444C1 /* FirebaseAuth */; };
		1F3942432827664500C444C1 /* FirebaseFirestore in Frameworks */ = {isa = PBXBuildFile; productRef = 1F3942422827664500C444C1 /* FirebaseFirestore */; };
		1F3942452827664500C444C1 /* FirebaseStorage in Frameworks */ = {isa = PBXBuildFile; productRef = 1F3942442827664500C444C1 /* FirebaseStorage */; };
		1F394247282766FD00C444C1 /* GoogleService-Info.plist in Resources */ = {isa = PBXBuildFile; fileRef = 1F394246282766FD00C444C1 /* GoogleService-Info.plist */; };
		1F39424928276A0C00C444C1 /* RoseFire.swift in Sources */ = {isa = PBXBuildFile; fileRef = 1F39424828276A0C00C444C1 /* RoseFire.swift */; };
		1F39424B28276A3D00C444C1 /* constant.swift in Sources */ = {isa = PBXBuildFile; fileRef = 1F39424A28276A3D00C444C1 /* constant.swift */; };
		1F39424D28276DFA00C444C1 /* UserDocumentManager.swift in Sources */ = {isa = PBXBuildFile; fileRef = 1F39424C28276DFA00C444C1 /* UserDocumentManager.swift */; };
		1F39424F28276F0600C444C1 /* ListenerStrategy.swift in Sources */ = {isa = PBXBuildFile; fileRef = 1F39424E28276F0600C444C1 /* ListenerStrategy.swift */; };
		1F3942512827761800C444C1 /* CategoryPageViewController.swift in Sources */ = {isa = PBXBuildFile; fileRef = 1F3942502827761800C444C1 /* CategoryPageViewController.swift */; };
		1F3942532827991200C444C1 /* ListingViewController.swift in Sources */ = {isa = PBXBuildFile; fileRef = 1F3942522827991100C444C1 /* ListingViewController.swift */; };
		1F4668E5282E128000D0ABA1 /* ListingTableViewController.swift in Sources */ = {isa = PBXBuildFile; fileRef = 1F4668E4282E128000D0ABA1 /* ListingTableViewController.swift */; };
		1F4668E8282E173700D0ABA1 /* ItemCollectionManager.swift in Sources */ = {isa = PBXBuildFile; fileRef = 1F4668E7282E173700D0ABA1 /* ItemCollectionManager.swift */; };
		1F4668EA282E184500D0ABA1 /* Item.swift in Sources */ = {isa = PBXBuildFile; fileRef = 1F4668E9282E184500D0ABA1 /* Item.swift */; };
		1F4668ED282E234300D0ABA1 /* ImageUtils.swift in Sources */ = {isa = PBXBuildFile; fileRef = 1F4668EC282E234300D0ABA1 /* ImageUtils.swift */; };
		1F8BA308282E2BE200A0F69D /* Kingfisher in Frameworks */ = {isa = PBXBuildFile; productRef = 1F8BA307282E2BE200A0F69D /* Kingfisher */; };
/* End PBXBuildFile section */

/* Begin PBXContainerItemProxy section */
		1F39421C2827610700C444C1 /* PBXContainerItemProxy */ = {
			isa = PBXContainerItemProxy;
			containerPortal = 1F3941FD2827610500C444C1 /* Project object */;
			proxyType = 1;
			remoteGlobalIDString = 1F3942042827610500C444C1;
			remoteInfo = RoseOnlineShop;
		};
		1F3942262827610700C444C1 /* PBXContainerItemProxy */ = {
			isa = PBXContainerItemProxy;
			containerPortal = 1F3941FD2827610500C444C1 /* Project object */;
			proxyType = 1;
			remoteGlobalIDString = 1F3942042827610500C444C1;
			remoteInfo = RoseOnlineShop;
		};
/* End PBXContainerItemProxy section */

/* Begin PBXFileReference section */
		1F3942052827610500C444C1 /* RoseOnlineShop.app */ = {isa = PBXFileReference; explicitFileType = wrapper.application; includeInIndex = 0; path = RoseOnlineShop.app; sourceTree = BUILT_PRODUCTS_DIR; };
		1F3942082827610500C444C1 /* AppDelegate.swift */ = {isa = PBXFileReference; lastKnownFileType = sourcecode.swift; path = AppDelegate.swift; sourceTree = "<group>"; };
		1F39420A2827610500C444C1 /* SceneDelegate.swift */ = {isa = PBXFileReference; lastKnownFileType = sourcecode.swift; path = SceneDelegate.swift; sourceTree = "<group>"; };
		1F39420C2827610500C444C1 /* ViewController.swift */ = {isa = PBXFileReference; lastKnownFileType = sourcecode.swift; path = ViewController.swift; sourceTree = "<group>"; };
		1F39420F2827610500C444C1 /* Base */ = {isa = PBXFileReference; lastKnownFileType = file.storyboard; name = Base; path = Base.lproj/Main.storyboard; sourceTree = "<group>"; };
		1F3942112827610600C444C1 /* Assets.xcassets */ = {isa = PBXFileReference; lastKnownFileType = folder.assetcatalog; path = Assets.xcassets; sourceTree = "<group>"; };
		1F3942142827610600C444C1 /* Base */ = {isa = PBXFileReference; lastKnownFileType = file.storyboard; name = Base; path = Base.lproj/LaunchScreen.storyboard; sourceTree = "<group>"; };
		1F3942162827610600C444C1 /* Info.plist */ = {isa = PBXFileReference; lastKnownFileType = text.plist.xml; path = Info.plist; sourceTree = "<group>"; };
		1F39421B2827610700C444C1 /* RoseOnlineShopTests.xctest */ = {isa = PBXFileReference; explicitFileType = wrapper.cfbundle; includeInIndex = 0; path = RoseOnlineShopTests.xctest; sourceTree = BUILT_PRODUCTS_DIR; };
		1F39421F2827610700C444C1 /* RoseOnlineShopTests.swift */ = {isa = PBXFileReference; lastKnownFileType = sourcecode.swift; path = RoseOnlineShopTests.swift; sourceTree = "<group>"; };
		1F3942252827610700C444C1 /* RoseOnlineShopUITests.xctest */ = {isa = PBXFileReference; explicitFileType = wrapper.cfbundle; includeInIndex = 0; path = RoseOnlineShopUITests.xctest; sourceTree = BUILT_PRODUCTS_DIR; };
		1F3942292827610700C444C1 /* RoseOnlineShopUITests.swift */ = {isa = PBXFileReference; lastKnownFileType = sourcecode.swift; path = RoseOnlineShopUITests.swift; sourceTree = "<group>"; };
		1F39422B2827610700C444C1 /* RoseOnlineShopUITestsLaunchTests.swift */ = {isa = PBXFileReference; lastKnownFileType = sourcecode.swift; path = RoseOnlineShopUITestsLaunchTests.swift; sourceTree = "<group>"; };
		1F3942382827653600C444C1 /* LoginViewController.swift */ = {isa = PBXFileReference; lastKnownFileType = sourcecode.swift; path = LoginViewController.swift; sourceTree = "<group>"; };
		1F39423B2827657300C444C1 /* AuthManager.swift */ = {isa = PBXFileReference; lastKnownFileType = sourcecode.swift; path = AuthManager.swift; sourceTree = "<group>"; };
		1F394246282766FD00C444C1 /* GoogleService-Info.plist */ = {isa = PBXFileReference; fileEncoding = 4; lastKnownFileType = text.plist.xml; path = "GoogleService-Info.plist"; sourceTree = "<group>"; };
		1F39424828276A0C00C444C1 /* RoseFire.swift */ = {isa = PBXFileReference; lastKnownFileType = sourcecode.swift; path = RoseFire.swift; sourceTree = "<group>"; };
		1F39424A28276A3D00C444C1 /* constant.swift */ = {isa = PBXFileReference; lastKnownFileType = sourcecode.swift; path = constant.swift; sourceTree = "<group>"; };
		1F39424C28276DFA00C444C1 /* UserDocumentManager.swift */ = {isa = PBXFileReference; lastKnownFileType = sourcecode.swift; path = UserDocumentManager.swift; sourceTree = "<group>"; };
		1F39424E28276F0600C444C1 /* ListenerStrategy.swift */ = {isa = PBXFileReference; lastKnownFileType = sourcecode.swift; path = ListenerStrategy.swift; sourceTree = "<group>"; };
		1F3942502827761800C444C1 /* CategoryPageViewController.swift */ = {isa = PBXFileReference; lastKnownFileType = sourcecode.swift; path = CategoryPageViewController.swift; sourceTree = "<group>"; };
		1F3942522827991100C444C1 /* ListingViewController.swift */ = {isa = PBXFileReference; lastKnownFileType = sourcecode.swift; path = ListingViewController.swift; sourceTree = "<group>"; };
		1F4668E4282E128000D0ABA1 /* ListingTableViewController.swift */ = {isa = PBXFileReference; lastKnownFileType = sourcecode.swift; path = ListingTableViewController.swift; sourceTree = "<group>"; };
		1F4668E7282E173700D0ABA1 /* ItemCollectionManager.swift */ = {isa = PBXFileReference; lastKnownFileType = sourcecode.swift; path = ItemCollectionManager.swift; sourceTree = "<group>"; };
		1F4668E9282E184500D0ABA1 /* Item.swift */ = {isa = PBXFileReference; lastKnownFileType = sourcecode.swift; path = Item.swift; sourceTree = "<group>"; };
		1F4668EC282E234300D0ABA1 /* ImageUtils.swift */ = {isa = PBXFileReference; lastKnownFileType = sourcecode.swift; path = ImageUtils.swift; sourceTree = "<group>"; };
/* End PBXFileReference section */

/* Begin PBXFrameworksBuildPhase section */
		1F3942022827610500C444C1 /* Frameworks */ = {
			isa = PBXFrameworksBuildPhase;
			buildActionMask = 2147483647;
			files = (
				1F39423F2827664500C444C1 /* FirebaseAnalytics in Frameworks */,
				1F3942452827664500C444C1 /* FirebaseStorage in Frameworks */,
				1F3942412827664500C444C1 /* FirebaseAuth in Frameworks */,
				1F3942432827664500C444C1 /* FirebaseFirestore in Frameworks */,
				1F8BA308282E2BE200A0F69D /* Kingfisher in Frameworks */,
			);
			runOnlyForDeploymentPostprocessing = 0;
		};
		1F3942182827610700C444C1 /* Frameworks */ = {
			isa = PBXFrameworksBuildPhase;
			buildActionMask = 2147483647;
			files = (
			);
			runOnlyForDeploymentPostprocessing = 0;
		};
		1F3942222827610700C444C1 /* Frameworks */ = {
			isa = PBXFrameworksBuildPhase;
			buildActionMask = 2147483647;
			files = (
			);
			runOnlyForDeploymentPostprocessing = 0;
		};
/* End PBXFrameworksBuildPhase section */

/* Begin PBXGroup section */
		1F3941FC2827610500C444C1 = {
			isa = PBXGroup;
			children = (
				1F3942072827610500C444C1 /* RoseOnlineShop */,
				1F39421E2827610700C444C1 /* RoseOnlineShopTests */,
				1F3942282827610700C444C1 /* RoseOnlineShopUITests */,
				1F3942062827610500C444C1 /* Products */,
			);
			sourceTree = "<group>";
		};
		1F3942062827610500C444C1 /* Products */ = {
			isa = PBXGroup;
			children = (
				1F3942052827610500C444C1 /* RoseOnlineShop.app */,
				1F39421B2827610700C444C1 /* RoseOnlineShopTests.xctest */,
				1F3942252827610700C444C1 /* RoseOnlineShopUITests.xctest */,
			);
			name = Products;
			sourceTree = "<group>";
		};
		1F3942072827610500C444C1 /* RoseOnlineShop */ = {
			isa = PBXGroup;
			children = (
				1F3942082827610500C444C1 /* AppDelegate.swift */,
				1F39420A2827610500C444C1 /* SceneDelegate.swift */,
				1F39420C2827610500C444C1 /* ViewController.swift */,
				1F39420E2827610500C444C1 /* Main.storyboard */,
				1F394246282766FD00C444C1 /* GoogleService-Info.plist */,
				1F3942112827610600C444C1 /* Assets.xcassets */,
				1F3942132827610600C444C1 /* LaunchScreen.storyboard */,
				1F3942162827610600C444C1 /* Info.plist */,
				1F3942382827653600C444C1 /* LoginViewController.swift */,
				1F39423B2827657300C444C1 /* AuthManager.swift */,
				1F39424828276A0C00C444C1 /* RoseFire.swift */,
				1F39424A28276A3D00C444C1 /* constant.swift */,
				1F39424C28276DFA00C444C1 /* UserDocumentManager.swift */,
				1F39424E28276F0600C444C1 /* ListenerStrategy.swift */,
				1F3942502827761800C444C1 /* CategoryPageViewController.swift */,
				1F3942522827991100C444C1 /* ListingViewController.swift */,
				1F4668E4282E128000D0ABA1 /* ListingTableViewController.swift */,
				1F4668E7282E173700D0ABA1 /* ItemCollectionManager.swift */,
				1F4668E9282E184500D0ABA1 /* Item.swift */,
				1F4668EC282E234300D0ABA1 /* ImageUtils.swift */,
			);
			path = RoseOnlineShop;
			sourceTree = "<group>";
		};
		1F39421E2827610700C444C1 /* RoseOnlineShopTests */ = {
			isa = PBXGroup;
			children = (
				1F39421F2827610700C444C1 /* RoseOnlineShopTests.swift */,
			);
			path = RoseOnlineShopTests;
			sourceTree = "<group>";
		};
		1F3942282827610700C444C1 /* RoseOnlineShopUITests */ = {
			isa = PBXGroup;
			children = (
				1F3942292827610700C444C1 /* RoseOnlineShopUITests.swift */,
				1F39422B2827610700C444C1 /* RoseOnlineShopUITestsLaunchTests.swift */,
			);
			path = RoseOnlineShopUITests;
			sourceTree = "<group>";
		};
/* End PBXGroup section */

/* Begin PBXNativeTarget section */
		1F3942042827610500C444C1 /* RoseOnlineShop */ = {
			isa = PBXNativeTarget;
			buildConfigurationList = 1F39422F2827610700C444C1 /* Build configuration list for PBXNativeTarget "RoseOnlineShop" */;
			buildPhases = (
				1F3942012827610500C444C1 /* Sources */,
				1F3942022827610500C444C1 /* Frameworks */,
				1F3942032827610500C444C1 /* Resources */,
			);
			buildRules = (
			);
			dependencies = (
			);
			name = RoseOnlineShop;
			packageProductDependencies = (
				1F39423E2827664500C444C1 /* FirebaseAnalytics */,
				1F3942402827664500C444C1 /* FirebaseAuth */,
				1F3942422827664500C444C1 /* FirebaseFirestore */,
				1F3942442827664500C444C1 /* FirebaseStorage */,
				1F8BA307282E2BE200A0F69D /* Kingfisher */,
			);
			productName = RoseOnlineShop;
			productReference = 1F3942052827610500C444C1 /* RoseOnlineShop.app */;
			productType = "com.apple.product-type.application";
		};
		1F39421A2827610700C444C1 /* RoseOnlineShopTests */ = {
			isa = PBXNativeTarget;
			buildConfigurationList = 1F3942322827610700C444C1 /* Build configuration list for PBXNativeTarget "RoseOnlineShopTests" */;
			buildPhases = (
				1F3942172827610700C444C1 /* Sources */,
				1F3942182827610700C444C1 /* Frameworks */,
				1F3942192827610700C444C1 /* Resources */,
			);
			buildRules = (
			);
			dependencies = (
				1F39421D2827610700C444C1 /* PBXTargetDependency */,
			);
			name = RoseOnlineShopTests;
			productName = RoseOnlineShopTests;
			productReference = 1F39421B2827610700C444C1 /* RoseOnlineShopTests.xctest */;
			productType = "com.apple.product-type.bundle.unit-test";
		};
		1F3942242827610700C444C1 /* RoseOnlineShopUITests */ = {
			isa = PBXNativeTarget;
			buildConfigurationList = 1F3942352827610700C444C1 /* Build configuration list for PBXNativeTarget "RoseOnlineShopUITests" */;
			buildPhases = (
				1F3942212827610700C444C1 /* Sources */,
				1F3942222827610700C444C1 /* Frameworks */,
				1F3942232827610700C444C1 /* Resources */,
			);
			buildRules = (
			);
			dependencies = (
				1F3942272827610700C444C1 /* PBXTargetDependency */,
			);
			name = RoseOnlineShopUITests;
			productName = RoseOnlineShopUITests;
			productReference = 1F3942252827610700C444C1 /* RoseOnlineShopUITests.xctest */;
			productType = "com.apple.product-type.bundle.ui-testing";
		};
/* End PBXNativeTarget section */

/* Begin PBXProject section */
		1F3941FD2827610500C444C1 /* Project object */ = {
			isa = PBXProject;
			attributes = {
				BuildIndependentTargetsInParallel = 1;
				LastSwiftUpdateCheck = 1320;
				LastUpgradeCheck = 1320;
				TargetAttributes = {
					1F3942042827610500C444C1 = {
						CreatedOnToolsVersion = 13.2.1;
					};
					1F39421A2827610700C444C1 = {
						CreatedOnToolsVersion = 13.2.1;
						TestTargetID = 1F3942042827610500C444C1;
					};
					1F3942242827610700C444C1 = {
						CreatedOnToolsVersion = 13.2.1;
						TestTargetID = 1F3942042827610500C444C1;
					};
				};
			};
			buildConfigurationList = 1F3942002827610500C444C1 /* Build configuration list for PBXProject "RoseOnlineShop" */;
			compatibilityVersion = "Xcode 13.0";
			developmentRegion = en;
			hasScannedForEncodings = 0;
			knownRegions = (
				en,
				Base,
			);
			mainGroup = 1F3941FC2827610500C444C1;
			packageReferences = (
				1F39423D2827664500C444C1 /* XCRemoteSwiftPackageReference "firebase-ios-sdk" */,
				1F8BA306282E2BE200A0F69D /* XCRemoteSwiftPackageReference "Kingfisher" */,
			);
			productRefGroup = 1F3942062827610500C444C1 /* Products */;
			projectDirPath = "";
			projectRoot = "";
			targets = (
				1F3942042827610500C444C1 /* RoseOnlineShop */,
				1F39421A2827610700C444C1 /* RoseOnlineShopTests */,
				1F3942242827610700C444C1 /* RoseOnlineShopUITests */,
			);
		};
/* End PBXProject section */

/* Begin PBXResourcesBuildPhase section */
		1F3942032827610500C444C1 /* Resources */ = {
			isa = PBXResourcesBuildPhase;
			buildActionMask = 2147483647;
			files = (
				1F3942152827610600C444C1 /* LaunchScreen.storyboard in Resources */,
				1F394247282766FD00C444C1 /* GoogleService-Info.plist in Resources */,
				1F3942122827610600C444C1 /* Assets.xcassets in Resources */,
				1F3942102827610500C444C1 /* Main.storyboard in Resources */,
			);
			runOnlyForDeploymentPostprocessing = 0;
		};
		1F3942192827610700C444C1 /* Resources */ = {
			isa = PBXResourcesBuildPhase;
			buildActionMask = 2147483647;
			files = (
			);
			runOnlyForDeploymentPostprocessing = 0;
		};
		1F3942232827610700C444C1 /* Resources */ = {
			isa = PBXResourcesBuildPhase;
			buildActionMask = 2147483647;
			files = (
			);
			runOnlyForDeploymentPostprocessing = 0;
		};
/* End PBXResourcesBuildPhase section */

/* Begin PBXSourcesBuildPhase section */
		1F3942012827610500C444C1 /* Sources */ = {
			isa = PBXSourcesBuildPhase;
			buildActionMask = 2147483647;
			files = (
				1F4668E5282E128000D0ABA1 /* ListingTableViewController.swift in Sources */,
				1F3942392827653600C444C1 /* LoginViewController.swift in Sources */,
				1F39424B28276A3D00C444C1 /* constant.swift in Sources */,
				1F3942532827991200C444C1 /* ListingViewController.swift in Sources */,
				1F4668EA282E184500D0ABA1 /* Item.swift in Sources */,
				1F39420D2827610500C444C1 /* ViewController.swift in Sources */,
				1F39424928276A0C00C444C1 /* RoseFire.swift in Sources */,
				1F3942512827761800C444C1 /* CategoryPageViewController.swift in Sources */,
				1F4668ED282E234300D0ABA1 /* ImageUtils.swift in Sources */,
				1F4668E8282E173700D0ABA1 /* ItemCollectionManager.swift in Sources */,
				1F3942092827610500C444C1 /* AppDelegate.swift in Sources */,
				1F39424D28276DFA00C444C1 /* UserDocumentManager.swift in Sources */,
				1F39420B2827610500C444C1 /* SceneDelegate.swift in Sources */,
				1F39424F28276F0600C444C1 /* ListenerStrategy.swift in Sources */,
				1F39423C2827657300C444C1 /* AuthManager.swift in Sources */,
			);
			runOnlyForDeploymentPostprocessing = 0;
		};
		1F3942172827610700C444C1 /* Sources */ = {
			isa = PBXSourcesBuildPhase;
			buildActionMask = 2147483647;
			files = (
				1F3942202827610700C444C1 /* RoseOnlineShopTests.swift in Sources */,
			);
			runOnlyForDeploymentPostprocessing = 0;
		};
		1F3942212827610700C444C1 /* Sources */ = {
			isa = PBXSourcesBuildPhase;
			buildActionMask = 2147483647;
			files = (
				1F39422C2827610700C444C1 /* RoseOnlineShopUITestsLaunchTests.swift in Sources */,
				1F39422A2827610700C444C1 /* RoseOnlineShopUITests.swift in Sources */,
			);
			runOnlyForDeploymentPostprocessing = 0;
		};
/* End PBXSourcesBuildPhase section */

/* Begin PBXTargetDependency section */
		1F39421D2827610700C444C1 /* PBXTargetDependency */ = {
			isa = PBXTargetDependency;
			target = 1F3942042827610500C444C1 /* RoseOnlineShop */;
			targetProxy = 1F39421C2827610700C444C1 /* PBXContainerItemProxy */;
		};
		1F3942272827610700C444C1 /* PBXTargetDependency */ = {
			isa = PBXTargetDependency;
			target = 1F3942042827610500C444C1 /* RoseOnlineShop */;
			targetProxy = 1F3942262827610700C444C1 /* PBXContainerItemProxy */;
		};
/* End PBXTargetDependency section */

/* Begin PBXVariantGroup section */
		1F39420E2827610500C444C1 /* Main.storyboard */ = {
			isa = PBXVariantGroup;
			children = (
				1F39420F2827610500C444C1 /* Base */,
			);
			name = Main.storyboard;
			sourceTree = "<group>";
		};
		1F3942132827610600C444C1 /* LaunchScreen.storyboard */ = {
			isa = PBXVariantGroup;
			children = (
				1F3942142827610600C444C1 /* Base */,
			);
			name = LaunchScreen.storyboard;
			sourceTree = "<group>";
		};
/* End PBXVariantGroup section */

/* Begin XCBuildConfiguration section */
		1F39422D2827610700C444C1 /* Debug */ = {
			isa = XCBuildConfiguration;
			buildSettings = {
				ALWAYS_SEARCH_USER_PATHS = NO;
				CLANG_ANALYZER_NONNULL = YES;
				CLANG_ANALYZER_NUMBER_OBJECT_CONVERSION = YES_AGGRESSIVE;
				CLANG_CXX_LANGUAGE_STANDARD = "gnu++17";
				CLANG_CXX_LIBRARY = "libc++";
				CLANG_ENABLE_MODULES = YES;
				CLANG_ENABLE_OBJC_ARC = YES;
				CLANG_ENABLE_OBJC_WEAK = YES;
				CLANG_WARN_BLOCK_CAPTURE_AUTORELEASING = YES;
				CLANG_WARN_BOOL_CONVERSION = YES;
				CLANG_WARN_COMMA = YES;
				CLANG_WARN_CONSTANT_CONVERSION = YES;
				CLANG_WARN_DEPRECATED_OBJC_IMPLEMENTATIONS = YES;
				CLANG_WARN_DIRECT_OBJC_ISA_USAGE = YES_ERROR;
				CLANG_WARN_DOCUMENTATION_COMMENTS = YES;
				CLANG_WARN_EMPTY_BODY = YES;
				CLANG_WARN_ENUM_CONVERSION = YES;
				CLANG_WARN_INFINITE_RECURSION = YES;
				CLANG_WARN_INT_CONVERSION = YES;
				CLANG_WARN_NON_LITERAL_NULL_CONVERSION = YES;
				CLANG_WARN_OBJC_IMPLICIT_RETAIN_SELF = YES;
				CLANG_WARN_OBJC_LITERAL_CONVERSION = YES;
				CLANG_WARN_OBJC_ROOT_CLASS = YES_ERROR;
				CLANG_WARN_QUOTED_INCLUDE_IN_FRAMEWORK_HEADER = YES;
				CLANG_WARN_RANGE_LOOP_ANALYSIS = YES;
				CLANG_WARN_STRICT_PROTOTYPES = YES;
				CLANG_WARN_SUSPICIOUS_MOVE = YES;
				CLANG_WARN_UNGUARDED_AVAILABILITY = YES_AGGRESSIVE;
				CLANG_WARN_UNREACHABLE_CODE = YES;
				CLANG_WARN__DUPLICATE_METHOD_MATCH = YES;
				COPY_PHASE_STRIP = NO;
				DEBUG_INFORMATION_FORMAT = dwarf;
				ENABLE_STRICT_OBJC_MSGSEND = YES;
				ENABLE_TESTABILITY = YES;
				GCC_C_LANGUAGE_STANDARD = gnu11;
				GCC_DYNAMIC_NO_PIC = NO;
				GCC_NO_COMMON_BLOCKS = YES;
				GCC_OPTIMIZATION_LEVEL = 0;
				GCC_PREPROCESSOR_DEFINITIONS = (
					"DEBUG=1",
					"$(inherited)",
				);
				GCC_WARN_64_TO_32_BIT_CONVERSION = YES;
				GCC_WARN_ABOUT_RETURN_TYPE = YES_ERROR;
				GCC_WARN_UNDECLARED_SELECTOR = YES;
				GCC_WARN_UNINITIALIZED_AUTOS = YES_AGGRESSIVE;
				GCC_WARN_UNUSED_FUNCTION = YES;
				GCC_WARN_UNUSED_VARIABLE = YES;
				IPHONEOS_DEPLOYMENT_TARGET = 15.2;
				MTL_ENABLE_DEBUG_INFO = INCLUDE_SOURCE;
				MTL_FAST_MATH = YES;
				ONLY_ACTIVE_ARCH = YES;
				SDKROOT = iphoneos;
				SWIFT_ACTIVE_COMPILATION_CONDITIONS = DEBUG;
				SWIFT_OPTIMIZATION_LEVEL = "-Onone";
			};
			name = Debug;
		};
		1F39422E2827610700C444C1 /* Release */ = {
			isa = XCBuildConfiguration;
			buildSettings = {
				ALWAYS_SEARCH_USER_PATHS = NO;
				CLANG_ANALYZER_NONNULL = YES;
				CLANG_ANALYZER_NUMBER_OBJECT_CONVERSION = YES_AGGRESSIVE;
				CLANG_CXX_LANGUAGE_STANDARD = "gnu++17";
				CLANG_CXX_LIBRARY = "libc++";
				CLANG_ENABLE_MODULES = YES;
				CLANG_ENABLE_OBJC_ARC = YES;
				CLANG_ENABLE_OBJC_WEAK = YES;
				CLANG_WARN_BLOCK_CAPTURE_AUTORELEASING = YES;
				CLANG_WARN_BOOL_CONVERSION = YES;
				CLANG_WARN_COMMA = YES;
				CLANG_WARN_CONSTANT_CONVERSION = YES;
				CLANG_WARN_DEPRECATED_OBJC_IMPLEMENTATIONS = YES;
				CLANG_WARN_DIRECT_OBJC_ISA_USAGE = YES_ERROR;
				CLANG_WARN_DOCUMENTATION_COMMENTS = YES;
				CLANG_WARN_EMPTY_BODY = YES;
				CLANG_WARN_ENUM_CONVERSION = YES;
				CLANG_WARN_INFINITE_RECURSION = YES;
				CLANG_WARN_INT_CONVERSION = YES;
				CLANG_WARN_NON_LITERAL_NULL_CONVERSION = YES;
				CLANG_WARN_OBJC_IMPLICIT_RETAIN_SELF = YES;
				CLANG_WARN_OBJC_LITERAL_CONVERSION = YES;
				CLANG_WARN_OBJC_ROOT_CLASS = YES_ERROR;
				CLANG_WARN_QUOTED_INCLUDE_IN_FRAMEWORK_HEADER = YES;
				CLANG_WARN_RANGE_LOOP_ANALYSIS = YES;
				CLANG_WARN_STRICT_PROTOTYPES = YES;
				CLANG_WARN_SUSPICIOUS_MOVE = YES;
				CLANG_WARN_UNGUARDED_AVAILABILITY = YES_AGGRESSIVE;
				CLANG_WARN_UNREACHABLE_CODE = YES;
				CLANG_WARN__DUPLICATE_METHOD_MATCH = YES;
				COPY_PHASE_STRIP = NO;
				DEBUG_INFORMATION_FORMAT = "dwarf-with-dsym";
				ENABLE_NS_ASSERTIONS = NO;
				ENABLE_STRICT_OBJC_MSGSEND = YES;
				GCC_C_LANGUAGE_STANDARD = gnu11;
				GCC_NO_COMMON_BLOCKS = YES;
				GCC_WARN_64_TO_32_BIT_CONVERSION = YES;
				GCC_WARN_ABOUT_RETURN_TYPE = YES_ERROR;
				GCC_WARN_UNDECLARED_SELECTOR = YES;
				GCC_WARN_UNINITIALIZED_AUTOS = YES_AGGRESSIVE;
				GCC_WARN_UNUSED_FUNCTION = YES;
				GCC_WARN_UNUSED_VARIABLE = YES;
				IPHONEOS_DEPLOYMENT_TARGET = 15.2;
				MTL_ENABLE_DEBUG_INFO = NO;
				MTL_FAST_MATH = YES;
				SDKROOT = iphoneos;
				SWIFT_COMPILATION_MODE = wholemodule;
				SWIFT_OPTIMIZATION_LEVEL = "-O";
				VALIDATE_PRODUCT = YES;
			};
			name = Release;
		};
		1F3942302827610700C444C1 /* Debug */ = {
			isa = XCBuildConfiguration;
			buildSettings = {
				ASSETCATALOG_COMPILER_APPICON_NAME = AppIcon;
				ASSETCATALOG_COMPILER_GLOBAL_ACCENT_COLOR_NAME = AccentColor;
				CODE_SIGN_STYLE = Automatic;
				CURRENT_PROJECT_VERSION = 1;
				GENERATE_INFOPLIST_FILE = YES;
				INFOPLIST_FILE = RoseOnlineShop/Info.plist;
				INFOPLIST_KEY_UIApplicationSupportsIndirectInputEvents = YES;
				INFOPLIST_KEY_UILaunchStoryboardName = LaunchScreen;
				INFOPLIST_KEY_UIMainStoryboardFile = Main;
				INFOPLIST_KEY_UISupportedInterfaceOrientations_iPad = "UIInterfaceOrientationPortrait UIInterfaceOrientationPortraitUpsideDown UIInterfaceOrientationLandscapeLeft UIInterfaceOrientationLandscapeRight";
				INFOPLIST_KEY_UISupportedInterfaceOrientations_iPhone = "UIInterfaceOrientationPortrait UIInterfaceOrientationLandscapeLeft UIInterfaceOrientationLandscapeRight";
				LD_RUNPATH_SEARCH_PATHS = (
					"$(inherited)",
					"@executable_path/Frameworks",
				);
				MARKETING_VERSION = 1.0;
				PRODUCT_BUNDLE_IDENTIFIER = demonStrate.TravisZYutongC.RoseOnlineShop;
				PRODUCT_NAME = "$(TARGET_NAME)";
				SWIFT_EMIT_LOC_STRINGS = YES;
				SWIFT_VERSION = 5.0;
				TARGETED_DEVICE_FAMILY = "1,2";
			};
			name = Debug;
		};
		1F3942312827610700C444C1 /* Release */ = {
			isa = XCBuildConfiguration;
			buildSettings = {
				ASSETCATALOG_COMPILER_APPICON_NAME = AppIcon;
				ASSETCATALOG_COMPILER_GLOBAL_ACCENT_COLOR_NAME = AccentColor;
				CODE_SIGN_STYLE = Automatic;
				CURRENT_PROJECT_VERSION = 1;
				GENERATE_INFOPLIST_FILE = YES;
				INFOPLIST_FILE = RoseOnlineShop/Info.plist;
				INFOPLIST_KEY_UIApplicationSupportsIndirectInputEvents = YES;
				INFOPLIST_KEY_UILaunchStoryboardName = LaunchScreen;
				INFOPLIST_KEY_UIMainStoryboardFile = Main;
				INFOPLIST_KEY_UISupportedInterfaceOrientations_iPad = "UIInterfaceOrientationPortrait UIInterfaceOrientationPortraitUpsideDown UIInterfaceOrientationLandscapeLeft UIInterfaceOrientationLandscapeRight";
				INFOPLIST_KEY_UISupportedInterfaceOrientations_iPhone = "UIInterfaceOrientationPortrait UIInterfaceOrientationLandscapeLeft UIInterfaceOrientationLandscapeRight";
				LD_RUNPATH_SEARCH_PATHS = (
					"$(inherited)",
					"@executable_path/Frameworks",
				);
				MARKETING_VERSION = 1.0;
				PRODUCT_BUNDLE_IDENTIFIER = demonStrate.TravisZYutongC.RoseOnlineShop;
				PRODUCT_NAME = "$(TARGET_NAME)";
				SWIFT_EMIT_LOC_STRINGS = YES;
				SWIFT_VERSION = 5.0;
				TARGETED_DEVICE_FAMILY = "1,2";
			};
			name = Release;
		};
		1F3942332827610700C444C1 /* Debug */ = {
			isa = XCBuildConfiguration;
			buildSettings = {
				ALWAYS_EMBED_SWIFT_STANDARD_LIBRARIES = YES;
				BUNDLE_LOADER = "$(TEST_HOST)";
				CODE_SIGN_STYLE = Automatic;
				CURRENT_PROJECT_VERSION = 1;
				GENERATE_INFOPLIST_FILE = YES;
				IPHONEOS_DEPLOYMENT_TARGET = 15.2;
				MARKETING_VERSION = 1.0;
				PRODUCT_BUNDLE_IDENTIFIER = demonStrate.TravisZ.RoseOnlineShopTests;
				PRODUCT_NAME = "$(TARGET_NAME)";
				SWIFT_EMIT_LOC_STRINGS = NO;
				SWIFT_VERSION = 5.0;
				TARGETED_DEVICE_FAMILY = "1,2";
				TEST_HOST = "$(BUILT_PRODUCTS_DIR)/RoseOnlineShop.app/RoseOnlineShop";
			};
			name = Debug;
		};
		1F3942342827610700C444C1 /* Release */ = {
			isa = XCBuildConfiguration;
			buildSettings = {
				ALWAYS_EMBED_SWIFT_STANDARD_LIBRARIES = YES;
				BUNDLE_LOADER = "$(TEST_HOST)";
				CODE_SIGN_STYLE = Automatic;
				CURRENT_PROJECT_VERSION = 1;
				GENERATE_INFOPLIST_FILE = YES;
				IPHONEOS_DEPLOYMENT_TARGET = 15.2;
				MARKETING_VERSION = 1.0;
				PRODUCT_BUNDLE_IDENTIFIER = demonStrate.TravisZ.RoseOnlineShopTests;
				PRODUCT_NAME = "$(TARGET_NAME)";
				SWIFT_EMIT_LOC_STRINGS = NO;
				SWIFT_VERSION = 5.0;
				TARGETED_DEVICE_FAMILY = "1,2";
				TEST_HOST = "$(BUILT_PRODUCTS_DIR)/RoseOnlineShop.app/RoseOnlineShop";
			};
			name = Release;
		};
		1F3942362827610700C444C1 /* Debug */ = {
			isa = XCBuildConfiguration;
			buildSettings = {
				ALWAYS_EMBED_SWIFT_STANDARD_LIBRARIES = YES;
				CODE_SIGN_STYLE = Automatic;
				CURRENT_PROJECT_VERSION = 1;
				GENERATE_INFOPLIST_FILE = YES;
				MARKETING_VERSION = 1.0;
				PRODUCT_BUNDLE_IDENTIFIER = demonStrate.TravisZ.RoseOnlineShopUITests;
				PRODUCT_NAME = "$(TARGET_NAME)";
				SWIFT_EMIT_LOC_STRINGS = NO;
				SWIFT_VERSION = 5.0;
				TARGETED_DEVICE_FAMILY = "1,2";
				TEST_TARGET_NAME = RoseOnlineShop;
			};
			name = Debug;
		};
		1F3942372827610700C444C1 /* Release */ = {
			isa = XCBuildConfiguration;
			buildSettings = {
				ALWAYS_EMBED_SWIFT_STANDARD_LIBRARIES = YES;
				CODE_SIGN_STYLE = Automatic;
				CURRENT_PROJECT_VERSION = 1;
				GENERATE_INFOPLIST_FILE = YES;
				MARKETING_VERSION = 1.0;
				PRODUCT_BUNDLE_IDENTIFIER = demonStrate.TravisZ.RoseOnlineShopUITests;
				PRODUCT_NAME = "$(TARGET_NAME)";
				SWIFT_EMIT_LOC_STRINGS = NO;
				SWIFT_VERSION = 5.0;
				TARGETED_DEVICE_FAMILY = "1,2";
				TEST_TARGET_NAME = RoseOnlineShop;
			};
			name = Release;
		};
/* End XCBuildConfiguration section */

/* Begin XCConfigurationList section */
		1F3942002827610500C444C1 /* Build configuration list for PBXProject "RoseOnlineShop" */ = {
			isa = XCConfigurationList;
			buildConfigurations = (
				1F39422D2827610700C444C1 /* Debug */,
				1F39422E2827610700C444C1 /* Release */,
			);
			defaultConfigurationIsVisible = 0;
			defaultConfigurationName = Release;
		};
		1F39422F2827610700C444C1 /* Build configuration list for PBXNativeTarget "RoseOnlineShop" */ = {
			isa = XCConfigurationList;
			buildConfigurations = (
				1F3942302827610700C444C1 /* Debug */,
				1F3942312827610700C444C1 /* Release */,
			);
			defaultConfigurationIsVisible = 0;
			defaultConfigurationName = Release;
		};
		1F3942322827610700C444C1 /* Build configuration list for PBXNativeTarget "RoseOnlineShopTests" */ = {
			isa = XCConfigurationList;
			buildConfigurations = (
				1F3942332827610700C444C1 /* Debug */,
				1F3942342827610700C444C1 /* Release */,
			);
			defaultConfigurationIsVisible = 0;
			defaultConfigurationName = Release;
		};
		1F3942352827610700C444C1 /* Build configuration list for PBXNativeTarget "RoseOnlineShopUITests" */ = {
			isa = XCConfigurationList;
			buildConfigurations = (
				1F3942362827610700C444C1 /* Debug */,
				1F3942372827610700C444C1 /* Release */,
			);
			defaultConfigurationIsVisible = 0;
			defaultConfigurationName = Release;
		};
/* End XCConfigurationList section */

/* Begin XCRemoteSwiftPackageReference section */
		1F39423D2827664500C444C1 /* XCRemoteSwiftPackageReference "firebase-ios-sdk" */ = {
			isa = XCRemoteSwiftPackageReference;
			repositoryURL = "https://github.com/firebase/firebase-ios-sdk";
			requirement = {
				kind = upToNextMajorVersion;
				minimumVersion = 9.0.0;
			};
		};
		1F8BA306282E2BE200A0F69D /* XCRemoteSwiftPackageReference "Kingfisher" */ = {
			isa = XCRemoteSwiftPackageReference;
			repositoryURL = "https://github.com/onevcat/Kingfisher.git";
			requirement = {
				branch = master;
				kind = branch;
			};
		};
/* End XCRemoteSwiftPackageReference section */

/* Begin XCSwiftPackageProductDependency section */
		1F39423E2827664500C444C1 /* FirebaseAnalytics */ = {
			isa = XCSwiftPackageProductDependency;
			package = 1F39423D2827664500C444C1 /* XCRemoteSwiftPackageReference "firebase-ios-sdk" */;
			productName = FirebaseAnalytics;
		};
		1F3942402827664500C444C1 /* FirebaseAuth */ = {
			isa = XCSwiftPackageProductDependency;
			package = 1F39423D2827664500C444C1 /* XCRemoteSwiftPackageReference "firebase-ios-sdk" */;
			productName = FirebaseAuth;
		};
		1F3942422827664500C444C1 /* FirebaseFirestore */ = {
			isa = XCSwiftPackageProductDependency;
			package = 1F39423D2827664500C444C1 /* XCRemoteSwiftPackageReference "firebase-ios-sdk" */;
			productName = FirebaseFirestore;
		};
		1F3942442827664500C444C1 /* FirebaseStorage */ = {
			isa = XCSwiftPackageProductDependency;
			package = 1F39423D2827664500C444C1 /* XCRemoteSwiftPackageReference "firebase-ios-sdk" */;
			productName = FirebaseStorage;
		};
		1F8BA307282E2BE200A0F69D /* Kingfisher */ = {
			isa = XCSwiftPackageProductDependency;
			package = 1F8BA306282E2BE200A0F69D /* XCRemoteSwiftPackageReference "Kingfisher" */;
			productName = Kingfisher;
		};
/* End XCSwiftPackageProductDependency section */
	};
	rootObject = 1F3941FD2827610500C444C1 /* Project object */;
}
